{
  "nodes": {
    "ethereum-tests": {
      "flake": false,
      "locked": {
        "lastModified": 1668955227,
        "narHash": "sha256-t9GV1TUfXr6xwgRvCaf43oGhBLdlYJwNCmaR4rIYV1M=",
        "owner": "ethereum",
        "repo": "tests",
        "rev": "a16217cff68fa587a4a8b8b008e5cf374a6086b5",
        "type": "github"
      },
      "original": {
        "owner": "ethereum",
        "ref": "v11.2",
        "repo": "tests",
        "type": "github"
      }
    },
    "flake-compat": {
      "flake": false,
      "locked": {
        "lastModified": 1673956053,
        "narHash": "sha256-4gtG9iQuiKITOjNQQeQIpoIB6b16fm+504Ch3sNKLd8=",
        "owner": "edolstra",
        "repo": "flake-compat",
        "rev": "35bb57c0c8d8b62bbfd284272c928ceb64ddbde9",
        "type": "github"
      },
      "original": {
        "owner": "edolstra",
        "repo": "flake-compat",
        "type": "github"
      }
    },
    "flake-utils": {
      "locked": {
        "lastModified": 1676283394,
        "narHash": "sha256-XX2f9c3iySLCw54rJ/CZs+ZK6IQy7GXNY4nSOyu2QG4=",
        "owner": "numtide",
        "repo": "flake-utils",
        "rev": "3db36a8b464d0c4532ba1c7dda728f4576d6d073",
        "type": "github"
      },
      "original": {
        "owner": "numtide",
        "repo": "flake-utils",
        "type": "github"
      }
    },
    "nixpkgs": {
      "locked": {
        "lastModified": 1676994812,
        "narHash": "sha256-JXBIqJzzza1D30Dz6e5WBsVe6gWh9gMnifBjL5k70I0=",
        "owner": "nixos",
        "repo": "nixpkgs",
        "rev": "3a558d658f59ac4ed95edeae20409fc936bbcf47",
        "type": "github"
      },
      "original": {
        "owner": "nixos",
        "repo": "nixpkgs",
        "type": "github"
      }
    },
    "root": {
      "inputs": {
        "ethereum-tests": "ethereum-tests",
        "flake-compat": "flake-compat",
        "flake-utils": "flake-utils",
        "nixpkgs": "nixpkgs",
        "solidity": "solidity"
      }
    },
    "solidity": {
      "flake": false,
      "locked": {
        "lastModified": 1670421565,
        "narHash": "sha256-VCZDKQHnMsXu+ucsT5BLPYQoZ2FYjpyGbDVoDYjr1W8=",
        "owner": "ethereum",
        "repo": "solidity",
        "rev": "1c8745c54a239d20b6fb0f79a8bd2628d779b27e",
        "type": "github"
      },
      "original": {
        "owner": "ethereum",
        "repo": "solidity",
        "rev": "1c8745c54a239d20b6fb0f79a8bd2628d779b27e",
        "type": "github"
      }
    }
  },
  "root": "root",
  "version": 7
}
