{
  "nodes": {
    "empty-smt-solver": {
      "inputs": {
        "flake-utils": "flake-utils",
        "nixpkgs": "nixpkgs"
      },
      "locked": {
        "lastModified": 1751304960,
        "narHash": "sha256-6+GUDEY6aLyq5KLRaIMeBEVlKiYymKi4CB5B8jG6wY0=",
        "owner": "msooseth",
        "repo": "empty-smt-solver",
        "rev": "74bd120fdb730fde8e44243305e669e5e8a3e02a",
        "type": "github"
      },
      "original": {
        "owner": "msooseth",
        "repo": "empty-smt-solver",
        "rev": "74bd120fdb730fde8e44243305e669e5e8a3e02a",
        "type": "github"
      }
    },
    "ethereum-tests": {
      "flake": false,
      "locked": {
        "lastModified": 1698656397,
        "narHash": "sha256-1zhBaJ3X5kQ94qv9Yz12/3d83w3jNP6OtzjH+ykK8sg=",
        "owner": "ethereum",
        "repo": "tests",
        "rev": "428f218d7d6f4a52544e12684afbfe6e2882ffbf",
        "type": "github"
      },
      "original": {
        "owner": "ethereum",
        "ref": "v13",
        "repo": "tests",
        "type": "github"
      }
    },
    "flake-utils": {
      "inputs": {
        "systems": "systems"
      },
      "locked": {
        "lastModified": 1710146030,
        "narHash": "sha256-SZ5L6eA7HJ/nmkzGG7/ISclqe6oZdOZTNoesiInkXPQ=",
        "owner": "numtide",
        "repo": "flake-utils",
        "rev": "b1d9ab70662946ef0850d488da1c9019f3a9752a",
        "type": "github"
      },
      "original": {
        "owner": "numtide",
        "repo": "flake-utils",
        "type": "github"
      }
    },
    "flake-utils_2": {
      "inputs": {
        "systems": "systems_2"
      },
      "locked": {
        "lastModified": 1710146030,
        "narHash": "sha256-SZ5L6eA7HJ/nmkzGG7/ISclqe6oZdOZTNoesiInkXPQ=",
        "owner": "numtide",
        "repo": "flake-utils",
        "rev": "b1d9ab70662946ef0850d488da1c9019f3a9752a",
        "type": "github"
      },
      "original": {
        "owner": "numtide",
        "repo": "flake-utils",
        "type": "github"
      }
    },
    "flake-utils_3": {
      "locked": {
        "lastModified": 1644229661,
        "narHash": "sha256-1YdnJAsNy69bpcjuoKdOYQX0YxZBiCYZo4Twxerqv7k=",
        "owner": "numtide",
        "repo": "flake-utils",
        "rev": "3cecb5b042f7f209c56ffd8371b2711a290ec797",
        "type": "github"
      },
      "original": {
        "owner": "numtide",
        "repo": "flake-utils",
        "type": "github"
      }
    },
    "flake-utils_4": {
      "inputs": {
        "systems": "systems_3"
      },
      "locked": {
        "lastModified": 1710146030,
        "narHash": "sha256-SZ5L6eA7HJ/nmkzGG7/ISclqe6oZdOZTNoesiInkXPQ=",
        "owner": "numtide",
        "repo": "flake-utils",
        "rev": "b1d9ab70662946ef0850d488da1c9019f3a9752a",
        "type": "github"
      },
      "original": {
        "owner": "numtide",
        "repo": "flake-utils",
        "type": "github"
      }
    },
    "forge-std": {
      "flake": false,
      "locked": {
        "lastModified": 1749634666,
        "narHash": "sha256-5HqpP/aicV71AXF+MYCg3mxHFnG8Wn1Ov3W6C35uNFk=",
        "owner": "foundry-rs",
        "repo": "forge-std",
        "rev": "60acb7aaadcce2d68e52986a0a66fe79f07d138f",
        "type": "github"
      },
      "original": {
        "owner": "foundry-rs",
        "repo": "forge-std",
        "type": "github"
      }
    },
    "foundry": {
      "inputs": {
        "flake-utils": "flake-utils_3",
        "nixpkgs": "nixpkgs_2"
      },
      "locked": {
        "lastModified": 1752867797,
        "narHash": "sha256-oT129SDSr7SI9ThTd6ZbpmShh5f2tzUH3S4hl6c5/7w=",
        "owner": "shazow",
        "repo": "foundry.nix",
        "rev": "d4445852933ab5bc61ca532cb6c5d3276d89c478",
        "type": "github"
      },
      "original": {
        "owner": "shazow",
        "ref": "stable",
        "repo": "foundry.nix",
        "type": "github"
      }
    },
    "nixpkgs": {
      "locked": {
        "lastModified": 1751180975,
        "narHash": "sha256-BKk4yDiXr4LdF80OTVqYJ53Q74rOcA/82EClXug8xsY=",
        "owner": "NixOS",
        "repo": "nixpkgs",
        "rev": "a48741b083d4f36dd79abd9f760c84da6b4dc0e5",
        "type": "github"
      },
      "original": {
        "owner": "NixOS",
        "ref": "nixpkgs-unstable",
        "repo": "nixpkgs",
        "type": "github"
      }
    },
    "nixpkgs_2": {
      "locked": {
        "lastModified": 1751180975,
        "narHash": "sha256-BKk4yDiXr4LdF80OTVqYJ53Q74rOcA/82EClXug8xsY=",
        "owner": "NixOS",
        "repo": "nixpkgs",
        "rev": "a48741b083d4f36dd79abd9f760c84da6b4dc0e5",
        "type": "github"
      },
      "original": {
        "owner": "NixOS",
        "ref": "nixpkgs-unstable",
        "repo": "nixpkgs",
        "type": "github"
      }
    },
    "nixpkgs_3": {
      "locked": {
        "lastModified": 1755175540,
        "narHash": "sha256-V0j2S1r25QnbqBLzN2Rg/dKKil789bI3P3id7bDPVc4=",
        "owner": "nixos",
        "repo": "nixpkgs",
        "rev": "a595dde4d0d31606e19dcec73db02279db59d201",
        "type": "github"
      },
      "original": {
        "owner": "nixos",
        "ref": "nixpkgs-unstable",
        "repo": "nixpkgs",
        "type": "github"
      }
    },
    "root": {
      "inputs": {
        "empty-smt-solver": "empty-smt-solver",
        "ethereum-tests": "ethereum-tests",
        "flake-utils": "flake-utils_2",
        "forge-std": "forge-std",
        "foundry": "foundry",
        "nixpkgs": "nixpkgs_3",
        "solc-pkgs": "solc-pkgs",
        "solidity": "solidity"
      }
    },
    "solc-macos-amd64-list-json": {
      "flake": false,
      "locked": {
        "narHash": "sha256-Prwz95BgMHcWd72VwVbcH17LsV9f24K2QMcUiWUQZzI=",
        "type": "file",
        "url": "https://github.com/ethereum/solc-bin/raw/f743ca7/macosx-amd64/list.json"
      },
      "original": {
        "type": "file",
        "url": "https://github.com/ethereum/solc-bin/raw/f743ca7/macosx-amd64/list.json"
      }
    },
    "solc-pkgs": {
      "inputs": {
        "flake-utils": "flake-utils_4",
        "nixpkgs": [
          "nixpkgs"
        ],
        "solc-macos-amd64-list-json": "solc-macos-amd64-list-json"
      },
      "locked": {
        "lastModified": 1724145339,
        "narHash": "sha256-z8pLkpdsAA0At1ofQd6KNmrxpBuUT9OKTlCDqJDW1GI=",
        "owner": "hellwolf",
        "repo": "solc.nix",
        "rev": "9630767051bfefd552c6858c5df141368338b077",
        "type": "github"
      },
      "original": {
        "owner": "hellwolf",
        "repo": "solc.nix",
        "type": "github"
      }
    },
    "solidity": {
      "flake": false,
      "locked": {
        "lastModified": 1716280767,
        "narHash": "sha256-cvRFeJkiaYPA+SoboEZhvH5sHDmmcMNR62OoKuEOWRg=",
        "owner": "ethereum",
        "repo": "solidity",
        "rev": "8a97fa7a1db1ec509221ead6fea6802c684ee887",
        "type": "github"
      },
      "original": {
        "owner": "ethereum",
        "repo": "solidity",
        "rev": "8a97fa7a1db1ec509221ead6fea6802c684ee887",
        "type": "github"
      }
    },
    "systems": {
      "locked": {
        "lastModified": 1681028828,
        "narHash": "sha256-Vy1rq5AaRuLzOxct8nz4T6wlgyUR7zLU309k9mBC768=",
        "owner": "nix-systems",
        "repo": "default",
        "rev": "da67096a3b9bf56a91d16901293e51ba5b49a27e",
        "type": "github"
      },
      "original": {
        "owner": "nix-systems",
        "repo": "default",
        "type": "github"
      }
    },
    "systems_2": {
      "locked": {
        "lastModified": 1681028828,
        "narHash": "sha256-Vy1rq5AaRuLzOxct8nz4T6wlgyUR7zLU309k9mBC768=",
        "owner": "nix-systems",
        "repo": "default",
        "rev": "da67096a3b9bf56a91d16901293e51ba5b49a27e",
        "type": "github"
      },
      "original": {
        "owner": "nix-systems",
        "repo": "default",
        "type": "github"
      }
    },
    "systems_3": {
      "locked": {
        "lastModified": 1681028828,
        "narHash": "sha256-Vy1rq5AaRuLzOxct8nz4T6wlgyUR7zLU309k9mBC768=",
        "owner": "nix-systems",
        "repo": "default",
        "rev": "da67096a3b9bf56a91d16901293e51ba5b49a27e",
        "type": "github"
      },
      "original": {
        "owner": "nix-systems",
        "repo": "default",
        "type": "github"
      }
    }
  },
  "root": "root",
  "version": 7
}
