{
  "nodes": {
    "ethereum-tests": {
      "flake": false,
      "locked": {
        "lastModified": 1682506704,
        "narHash": "sha256-PyFZhdUQRUbmohoMS+w41rmSFfKeTO2RqHLetWlU4Jw=",
        "owner": "ethereum",
        "repo": "tests",
        "rev": "b25623d4d7df10e38498cace7adc7eb413c4b20d",
        "type": "github"
      },
      "original": {
        "owner": "ethereum",
        "ref": "v12.2",
        "repo": "tests",
        "type": "github"
      }
    },
    "flake-compat": {
      "flake": false,
      "locked": {
        "lastModified": 1673956053,
        "narHash": "sha256-4gtG9iQuiKITOjNQQeQIpoIB6b16fm+504Ch3sNKLd8=",
        "owner": "edolstra",
        "repo": "flake-compat",
        "rev": "35bb57c0c8d8b62bbfd284272c928ceb64ddbde9",
        "type": "github"
      },
      "original": {
        "owner": "edolstra",
        "repo": "flake-compat",
        "type": "github"
      }
    },
    "flake-utils": {
      "locked": {
        "lastModified": 1678901627,
        "narHash": "sha256-U02riOqrKKzwjsxc/400XnElV+UtPUQWpANPlyazjH0=",
        "owner": "numtide",
        "repo": "flake-utils",
        "rev": "93a2b84fc4b70d9e089d029deacc3583435c2ed6",
        "type": "github"
      },
      "original": {
        "owner": "numtide",
        "repo": "flake-utils",
        "type": "github"
      }
    },
    "flake-utils_2": {
      "locked": {
        "lastModified": 1644229661,
        "narHash": "sha256-1YdnJAsNy69bpcjuoKdOYQX0YxZBiCYZo4Twxerqv7k=",
        "owner": "numtide",
        "repo": "flake-utils",
        "rev": "3cecb5b042f7f209c56ffd8371b2711a290ec797",
        "type": "github"
      },
      "original": {
        "owner": "numtide",
        "repo": "flake-utils",
        "type": "github"
      }
    },
    "foundry": {
      "inputs": {
        "flake-utils": "flake-utils_2",
        "nixpkgs": "nixpkgs"
      },
      "locked": {
        "lastModified": 1677921223,
        "narHash": "sha256-TsrPW+VfLu19dYm4uuAaM9LLHm30iZiyW1+0mbFgwbk=",
        "owner": "shazow",
        "repo": "foundry.nix",
        "rev": "79df1481c10789570c40749a4c8f8aada16f2eea",
        "type": "github"
      },
      "original": {
        "owner": "shazow",
        "ref": "monthly",
        "repo": "foundry.nix",
        "type": "github"
      }
    },
    "nixpkgs": {
      "locked": {
        "lastModified": 1666753130,
        "narHash": "sha256-Wff1dGPFSneXJLI2c0kkdWTgxnQ416KE6X4KnFkgPYQ=",
        "owner": "NixOS",
        "repo": "nixpkgs",
        "rev": "f540aeda6f677354f1e7144ab04352f61aaa0118",
        "type": "github"
      },
      "original": {
        "id": "nixpkgs",
        "type": "indirect"
      }
    },
    "nixpkgs-solc": {
      "locked": {
        "lastModified": 1672059513,
        "narHash": "sha256-4R7lESB3biVNyE6rXkjw3mhowzg4zTQgZElM4/dRUv8=",
        "owner": "nixos",
        "repo": "nixpkgs",
        "rev": "1b71def42b74811323de2df52f180b795ec506fc",
        "type": "github"
      },
      "original": {
        "owner": "nixos",
        "repo": "nixpkgs",
        "rev": "1b71def42b74811323de2df52f180b795ec506fc",
        "type": "github"
      }
    },
    "nixpkgs_2": {
      "locked": {
        "lastModified": 1679402239,
        "narHash": "sha256-xJLprGQf4v0cKNtWaI2tMvn+tuYir3yNAFd41CWNgAw=",
        "owner": "nixos",
        "repo": "nixpkgs",
        "rev": "9cc171df4617329f2c776fefe3ee83f1a0ffa046",
        "type": "github"
      },
      "original": {
        "owner": "nixos",
        "repo": "nixpkgs",
        "type": "github"
      }
    },
    "root": {
      "inputs": {
        "ethereum-tests": "ethereum-tests",
        "flake-compat": "flake-compat",
        "flake-utils": "flake-utils",
        "foundry": "foundry",
        "nixpkgs": "nixpkgs_2",
        "nixpkgs-solc": "nixpkgs-solc",
        "solidity": "solidity"
      }
    },
    "solidity": {
      "flake": false,
      "locked": {
        "lastModified": 1670421565,
        "narHash": "sha256-VCZDKQHnMsXu+ucsT5BLPYQoZ2FYjpyGbDVoDYjr1W8=",
        "owner": "ethereum",
        "repo": "solidity",
        "rev": "1c8745c54a239d20b6fb0f79a8bd2628d779b27e",
        "type": "github"
      },
      "original": {
        "owner": "ethereum",
        "repo": "solidity",
        "rev": "1c8745c54a239d20b6fb0f79a8bd2628d779b27e",
        "type": "github"
      }
    }
  },
  "root": "root",
  "version": 7
}
